// !$*UTF8*$!
{
	archiveVersion = 1;
	classes = {
	};
	objectVersion = 46;
	objects = {

/* Begin PBXBuildFile section */
		64143B9C1F80B621003A1CCA /* DetailCell.swift in Sources */ = {isa = PBXBuildFile; fileRef = 64143B9B1F80B621003A1CCA /* DetailCell.swift */; };
		64540BA31F7F2121005984FF /* ComposeViewController.swift in Sources */ = {isa = PBXBuildFile; fileRef = 64540BA21F7F2121005984FF /* ComposeViewController.swift */; };
		64540BA51F7F7954005984FF /* ReplyViewController.swift in Sources */ = {isa = PBXBuildFile; fileRef = 64540BA41F7F7954005984FF /* ReplyViewController.swift */; };
		648EC3C31F7B187A00B59EF4 /* TwitterService.swift in Sources */ = {isa = PBXBuildFile; fileRef = 648EC3C21F7B187A00B59EF4 /* TwitterService.swift */; };
		648EC3C51F7B3F6600B59EF4 /* TweetsViewController.swift in Sources */ = {isa = PBXBuildFile; fileRef = 648EC3C41F7B3F6600B59EF4 /* TweetsViewController.swift */; };
		649934201F7A1A6700D22A02 /* AppDelegate.swift in Sources */ = {isa = PBXBuildFile; fileRef = 6499341F1F7A1A6700D22A02 /* AppDelegate.swift */; };
		649934251F7A1A6700D22A02 /* Main.storyboard in Resources */ = {isa = PBXBuildFile; fileRef = 649934231F7A1A6700D22A02 /* Main.storyboard */; };
		649934271F7A1A6700D22A02 /* Assets.xcassets in Resources */ = {isa = PBXBuildFile; fileRef = 649934261F7A1A6700D22A02 /* Assets.xcassets */; };
		6499342A1F7A1A6700D22A02 /* LaunchScreen.storyboard in Resources */ = {isa = PBXBuildFile; fileRef = 649934281F7A1A6700D22A02 /* LaunchScreen.storyboard */; };
		64B4D5641F86F68A005F84B8 /* MenuViewController.swift in Sources */ = {isa = PBXBuildFile; fileRef = 64B4D5631F86F68A005F84B8 /* MenuViewController.swift */; };
		64B4D5661F86F6C4005F84B8 /* MenuCell.swift in Sources */ = {isa = PBXBuildFile; fileRef = 64B4D5651F86F6C4005F84B8 /* MenuCell.swift */; };
		64B4D5681F86F965005F84B8 /* ProfileViewController.swift in Sources */ = {isa = PBXBuildFile; fileRef = 64B4D5671F86F965005F84B8 /* ProfileViewController.swift */; };
		64B4D56C1F86F983005F84B8 /* MentionsViewController.swift in Sources */ = {isa = PBXBuildFile; fileRef = 64B4D56B1F86F983005F84B8 /* MentionsViewController.swift */; };
		64B4D56E1F86F98C005F84B8 /* AccountsViewController.swift in Sources */ = {isa = PBXBuildFile; fileRef = 64B4D56D1F86F98C005F84B8 /* AccountsViewController.swift */; };
		64B4D5701F86FF96005F84B8 /* HamburgerViewController.swift in Sources */ = {isa = PBXBuildFile; fileRef = 64B4D56F1F86FF96005F84B8 /* HamburgerViewController.swift */; };
		64B4D5721F871A8C005F84B8 /* ProfileCell.swift in Sources */ = {isa = PBXBuildFile; fileRef = 64B4D5711F871A8C005F84B8 /* ProfileCell.swift */; };
		64B4D5741F8764BF005F84B8 /* TweetCell.xib in Resources */ = {isa = PBXBuildFile; fileRef = 64B4D5731F8764BF005F84B8 /* TweetCell.xib */; };
		64B4D5761F8764C4005F84B8 /* TweetCell.swift in Sources */ = {isa = PBXBuildFile; fileRef = 64B4D5751F8764C4005F84B8 /* TweetCell.swift */; };
		64B4D5781F88B65C005F84B8 /* Int.swift in Sources */ = {isa = PBXBuildFile; fileRef = 64B4D5771F88B65C005F84B8 /* Int.swift */; };
		64B4D57E1F89EE30005F84B8 /* AccountCell.swift in Sources */ = {isa = PBXBuildFile; fileRef = 64B4D57D1F89EE30005F84B8 /* AccountCell.swift */; };
		64BA5FBA1F7E448000C7C005 /* TweetDetailViewController.swift in Sources */ = {isa = PBXBuildFile; fileRef = 64BA5FB91F7E448000C7C005 /* TweetDetailViewController.swift */; };
		64BA5FBF1F7F03B300C7C005 /* Date.swift in Sources */ = {isa = PBXBuildFile; fileRef = 64BA5FBE1F7F03B300C7C005 /* Date.swift */; };
		64C153BA1F805CF600E05CFA /* ReplyCell.swift in Sources */ = {isa = PBXBuildFile; fileRef = 64C153B91F805CF600E05CFA /* ReplyCell.swift */; };
		64C197621F7E2F7C0033A995 /* LoginViewController.swift in Sources */ = {isa = PBXBuildFile; fileRef = 64C197611F7E2F7C0033A995 /* LoginViewController.swift */; };
		64D9A1B21F81DB0100F80874 /* InfiniteScrollActivityView.swift in Sources */ = {isa = PBXBuildFile; fileRef = 64D9A1B11F81DB0100F80874 /* InfiniteScrollActivityView.swift */; };
		64EDF5FF1F7AD3A90085AFD0 /* User.swift in Sources */ = {isa = PBXBuildFile; fileRef = 64EDF5FE1F7AD3A90085AFD0 /* User.swift */; };
		64EDF6011F7AD3BE0085AFD0 /* Tweet.swift in Sources */ = {isa = PBXBuildFile; fileRef = 64EDF6001F7AD3BE0085AFD0 /* Tweet.swift */; };
		F8A7E3A401117B188244D17D /* Pods_Twitter.framework in Frameworks */ = {isa = PBXBuildFile; fileRef = 8ACFCF569C51C877AF27D878 /* Pods_Twitter.framework */; };
/* End PBXBuildFile section */

/* Begin PBXFileReference section */
		4704B2C7364CA6483BCE4155 /* Pods-Twitter.debug.xcconfig */ = {isa = PBXFileReference; includeInIndex = 1; lastKnownFileType = text.xcconfig; name = "Pods-Twitter.debug.xcconfig"; path = "Pods/Target Support Files/Pods-Twitter/Pods-Twitter.debug.xcconfig"; sourceTree = "<group>"; };
		5DD3DE6A02B87CF2E1AD76E7 /* Pods-Twitter.release.xcconfig */ = {isa = PBXFileReference; includeInIndex = 1; lastKnownFileType = text.xcconfig; name = "Pods-Twitter.release.xcconfig"; path = "Pods/Target Support Files/Pods-Twitter/Pods-Twitter.release.xcconfig"; sourceTree = "<group>"; };
		64143B9B1F80B621003A1CCA /* DetailCell.swift */ = {isa = PBXFileReference; fileEncoding = 4; lastKnownFileType = sourcecode.swift; path = DetailCell.swift; sourceTree = "<group>"; };
		64540BA21F7F2121005984FF /* ComposeViewController.swift */ = {isa = PBXFileReference; fileEncoding = 4; lastKnownFileType = sourcecode.swift; path = ComposeViewController.swift; sourceTree = "<group>"; };
		64540BA41F7F7954005984FF /* ReplyViewController.swift */ = {isa = PBXFileReference; fileEncoding = 4; lastKnownFileType = sourcecode.swift; path = ReplyViewController.swift; sourceTree = "<group>"; };
		648EC3C21F7B187A00B59EF4 /* TwitterService.swift */ = {isa = PBXFileReference; fileEncoding = 4; lastKnownFileType = sourcecode.swift; path = TwitterService.swift; sourceTree = "<group>"; };
		648EC3C41F7B3F6600B59EF4 /* TweetsViewController.swift */ = {isa = PBXFileReference; fileEncoding = 4; lastKnownFileType = sourcecode.swift; path = TweetsViewController.swift; sourceTree = "<group>"; };
		6499341C1F7A1A6700D22A02 /* Twitter.app */ = {isa = PBXFileReference; explicitFileType = wrapper.application; includeInIndex = 0; path = Twitter.app; sourceTree = BUILT_PRODUCTS_DIR; };
		6499341F1F7A1A6700D22A02 /* AppDelegate.swift */ = {isa = PBXFileReference; lastKnownFileType = sourcecode.swift; path = AppDelegate.swift; sourceTree = "<group>"; };
		649934241F7A1A6700D22A02 /* Base */ = {isa = PBXFileReference; lastKnownFileType = file.storyboard; name = Base; path = Base.lproj/Main.storyboard; sourceTree = "<group>"; };
		649934261F7A1A6700D22A02 /* Assets.xcassets */ = {isa = PBXFileReference; lastKnownFileType = folder.assetcatalog; path = Assets.xcassets; sourceTree = "<group>"; };
		649934291F7A1A6700D22A02 /* Base */ = {isa = PBXFileReference; lastKnownFileType = file.storyboard; name = Base; path = Base.lproj/LaunchScreen.storyboard; sourceTree = "<group>"; };
		6499342B1F7A1A6700D22A02 /* Info.plist */ = {isa = PBXFileReference; lastKnownFileType = text.plist.xml; path = Info.plist; sourceTree = "<group>"; };
		64B4D5631F86F68A005F84B8 /* MenuViewController.swift */ = {isa = PBXFileReference; fileEncoding = 4; lastKnownFileType = sourcecode.swift; path = MenuViewController.swift; sourceTree = "<group>"; };
		64B4D5651F86F6C4005F84B8 /* MenuCell.swift */ = {isa = PBXFileReference; fileEncoding = 4; lastKnownFileType = sourcecode.swift; path = MenuCell.swift; sourceTree = "<group>"; };
		64B4D5671F86F965005F84B8 /* ProfileViewController.swift */ = {isa = PBXFileReference; fileEncoding = 4; lastKnownFileType = sourcecode.swift; path = ProfileViewController.swift; sourceTree = "<group>"; };
		64B4D56B1F86F983005F84B8 /* MentionsViewController.swift */ = {isa = PBXFileReference; fileEncoding = 4; lastKnownFileType = sourcecode.swift; path = MentionsViewController.swift; sourceTree = "<group>"; };
		64B4D56D1F86F98C005F84B8 /* AccountsViewController.swift */ = {isa = PBXFileReference; fileEncoding = 4; lastKnownFileType = sourcecode.swift; path = AccountsViewController.swift; sourceTree = "<group>"; };
		64B4D56F1F86FF96005F84B8 /* HamburgerViewController.swift */ = {isa = PBXFileReference; fileEncoding = 4; lastKnownFileType = sourcecode.swift; path = HamburgerViewController.swift; sourceTree = "<group>"; };
		64B4D5711F871A8C005F84B8 /* ProfileCell.swift */ = {isa = PBXFileReference; fileEncoding = 4; lastKnownFileType = sourcecode.swift; path = ProfileCell.swift; sourceTree = "<group>"; };
		64B4D5731F8764BF005F84B8 /* TweetCell.xib */ = {isa = PBXFileReference; fileEncoding = 4; lastKnownFileType = file.xib; path = TweetCell.xib; sourceTree = "<group>"; };
		64B4D5751F8764C4005F84B8 /* TweetCell.swift */ = {isa = PBXFileReference; fileEncoding = 4; lastKnownFileType = sourcecode.swift; path = TweetCell.swift; sourceTree = "<group>"; };
		64B4D5771F88B65C005F84B8 /* Int.swift */ = {isa = PBXFileReference; fileEncoding = 4; lastKnownFileType = sourcecode.swift; path = Int.swift; sourceTree = "<group>"; };
		64B4D57D1F89EE30005F84B8 /* AccountCell.swift */ = {isa = PBXFileReference; fileEncoding = 4; lastKnownFileType = sourcecode.swift; path = AccountCell.swift; sourceTree = "<group>"; };
		64BA5FB91F7E448000C7C005 /* TweetDetailViewController.swift */ = {isa = PBXFileReference; fileEncoding = 4; lastKnownFileType = sourcecode.swift; path = TweetDetailViewController.swift; sourceTree = "<group>"; };
		64BA5FBE1F7F03B300C7C005 /* Date.swift */ = {isa = PBXFileReference; fileEncoding = 4; lastKnownFileType = sourcecode.swift; path = Date.swift; sourceTree = "<group>"; };
		64C153B91F805CF600E05CFA /* ReplyCell.swift */ = {isa = PBXFileReference; fileEncoding = 4; lastKnownFileType = sourcecode.swift; path = ReplyCell.swift; sourceTree = "<group>"; };
		64C197611F7E2F7C0033A995 /* LoginViewController.swift */ = {isa = PBXFileReference; fileEncoding = 4; lastKnownFileType = sourcecode.swift; path = LoginViewController.swift; sourceTree = "<group>"; };
		64D9A1B11F81DB0100F80874 /* InfiniteScrollActivityView.swift */ = {isa = PBXFileReference; fileEncoding = 4; lastKnownFileType = sourcecode.swift; path = InfiniteScrollActivityView.swift; sourceTree = "<group>"; };
		64EDF5FE1F7AD3A90085AFD0 /* User.swift */ = {isa = PBXFileReference; fileEncoding = 4; lastKnownFileType = sourcecode.swift; path = User.swift; sourceTree = "<group>"; };
		64EDF6001F7AD3BE0085AFD0 /* Tweet.swift */ = {isa = PBXFileReference; fileEncoding = 4; lastKnownFileType = sourcecode.swift; path = Tweet.swift; sourceTree = "<group>"; };
		8ACFCF569C51C877AF27D878 /* Pods_Twitter.framework */ = {isa = PBXFileReference; explicitFileType = wrapper.framework; includeInIndex = 0; path = Pods_Twitter.framework; sourceTree = BUILT_PRODUCTS_DIR; };
/* End PBXFileReference section */

/* Begin PBXFrameworksBuildPhase section */
		649934191F7A1A6700D22A02 /* Frameworks */ = {
			isa = PBXFrameworksBuildPhase;
			buildActionMask = 2147483647;
			files = (
				F8A7E3A401117B188244D17D /* Pods_Twitter.framework in Frameworks */,
			);
			runOnlyForDeploymentPostprocessing = 0;
		};
/* End PBXFrameworksBuildPhase section */

/* Begin PBXGroup section */
		379D311E49AE5ACDBC5E89BB /* Pods */ = {
			isa = PBXGroup;
			children = (
				4704B2C7364CA6483BCE4155 /* Pods-Twitter.debug.xcconfig */,
				5DD3DE6A02B87CF2E1AD76E7 /* Pods-Twitter.release.xcconfig */,
			);
			name = Pods;
			sourceTree = "<group>";
		};
		429A4AB47838D7172BCBF2B6 /* Frameworks */ = {
			isa = PBXGroup;
			children = (
				8ACFCF569C51C877AF27D878 /* Pods_Twitter.framework */,
			);
			name = Frameworks;
			sourceTree = "<group>";
		};
		6434EF5A1F7DC00B009B50A2 /* Cells */ = {
			isa = PBXGroup;
			children = (
				64B4D5751F8764C4005F84B8 /* TweetCell.swift */,
				64B4D5731F8764BF005F84B8 /* TweetCell.xib */,
				64C153B91F805CF600E05CFA /* ReplyCell.swift */,
				64143B9B1F80B621003A1CCA /* DetailCell.swift */,
				64B4D5651F86F6C4005F84B8 /* MenuCell.swift */,
				64B4D5711F871A8C005F84B8 /* ProfileCell.swift */,
				64B4D57D1F89EE30005F84B8 /* AccountCell.swift */,
			);
			name = Cells;
			sourceTree = "<group>";
		};
		649934131F7A1A6700D22A02 = {
			isa = PBXGroup;
			children = (
				6499341E1F7A1A6700D22A02 /* Twitter */,
				6499341D1F7A1A6700D22A02 /* Products */,
				379D311E49AE5ACDBC5E89BB /* Pods */,
				429A4AB47838D7172BCBF2B6 /* Frameworks */,
			);
			sourceTree = "<group>";
		};
		6499341D1F7A1A6700D22A02 /* Products */ = {
			isa = PBXGroup;
			children = (
				6499341C1F7A1A6700D22A02 /* Twitter.app */,
			);
			name = Products;
			sourceTree = "<group>";
		};
		6499341E1F7A1A6700D22A02 /* Twitter */ = {
			isa = PBXGroup;
			children = (
				64EDF5FB1F7ACF580085AFD0 /* API */,
				6434EF5A1F7DC00B009B50A2 /* Cells */,
				64BA5FBB1F7F01F200C7C005 /* Extensions */,
				64EDF5FD1F7ACF620085AFD0 /* Models */,
				64D9A1B01F81DAAF00F80874 /* Views */,
				64EDF5FC1F7ACF5D0085AFD0 /* View Controllers */,
				6499341F1F7A1A6700D22A02 /* AppDelegate.swift */,
				649934231F7A1A6700D22A02 /* Main.storyboard */,
				649934261F7A1A6700D22A02 /* Assets.xcassets */,
				649934281F7A1A6700D22A02 /* LaunchScreen.storyboard */,
				6499342B1F7A1A6700D22A02 /* Info.plist */,
			);
			path = Twitter;
			sourceTree = "<group>";
		};
		64BA5FBB1F7F01F200C7C005 /* Extensions */ = {
			isa = PBXGroup;
			children = (
				64BA5FBE1F7F03B300C7C005 /* Date.swift */,
				64B4D5771F88B65C005F84B8 /* Int.swift */,
			);
			name = Extensions;
			sourceTree = "<group>";
		};
		64D9A1B01F81DAAF00F80874 /* Views */ = {
			isa = PBXGroup;
			children = (
				64D9A1B11F81DB0100F80874 /* InfiniteScrollActivityView.swift */,
			);
			name = Views;
			sourceTree = "<group>";
		};
		64EDF5FB1F7ACF580085AFD0 /* API */ = {
			isa = PBXGroup;
			children = (
				648EC3C21F7B187A00B59EF4 /* TwitterService.swift */,
			);
			name = API;
			sourceTree = "<group>";
		};
		64EDF5FC1F7ACF5D0085AFD0 /* View Controllers */ = {
			isa = PBXGroup;
			children = (
				64C197611F7E2F7C0033A995 /* LoginViewController.swift */,
				648EC3C41F7B3F6600B59EF4 /* TweetsViewController.swift */,
				64BA5FB91F7E448000C7C005 /* TweetDetailViewController.swift */,
				64540BA21F7F2121005984FF /* ComposeViewController.swift */,
				64540BA41F7F7954005984FF /* ReplyViewController.swift */,
				64B4D56F1F86FF96005F84B8 /* HamburgerViewController.swift */,
				64B4D5631F86F68A005F84B8 /* MenuViewController.swift */,
				64B4D5671F86F965005F84B8 /* ProfileViewController.swift */,
				64B4D56B1F86F983005F84B8 /* MentionsViewController.swift */,
				64B4D56D1F86F98C005F84B8 /* AccountsViewController.swift */,
			);
			name = "View Controllers";
			sourceTree = "<group>";
		};
		64EDF5FD1F7ACF620085AFD0 /* Models */ = {
			isa = PBXGroup;
			children = (
				64EDF5FE1F7AD3A90085AFD0 /* User.swift */,
				64EDF6001F7AD3BE0085AFD0 /* Tweet.swift */,
			);
			name = Models;
			sourceTree = "<group>";
		};
/* End PBXGroup section */

/* Begin PBXNativeTarget section */
		6499341B1F7A1A6700D22A02 /* Twitter */ = {
			isa = PBXNativeTarget;
			buildConfigurationList = 6499342E1F7A1A6700D22A02 /* Build configuration list for PBXNativeTarget "Twitter" */;
			buildPhases = (
				F18027492B3FAB367B1A9F92 /* [CP] Check Pods Manifest.lock */,
				649934181F7A1A6700D22A02 /* Sources */,
				649934191F7A1A6700D22A02 /* Frameworks */,
				6499341A1F7A1A6700D22A02 /* Resources */,
				AD1DE6B5F26B418D9970E991 /* [CP] Embed Pods Frameworks */,
				82973D6C5055B95F130F5453 /* [CP] Copy Pods Resources */,
			);
			buildRules = (
			);
			dependencies = (
			);
			name = Twitter;
			productName = Twitter;
			productReference = 6499341C1F7A1A6700D22A02 /* Twitter.app */;
			productType = "com.apple.product-type.application";
		};
/* End PBXNativeTarget section */

/* Begin PBXProject section */
		649934141F7A1A6700D22A02 /* Project object */ = {
			isa = PBXProject;
			attributes = {
				LastSwiftUpdateCheck = 0830;
				LastUpgradeCheck = 0830;
				ORGANIZATIONNAME = "Ngan, Naomi";
				TargetAttributes = {
					6499341B1F7A1A6700D22A02 = {
						CreatedOnToolsVersion = 8.3.3;
						DevelopmentTeam = ZBWHW3V2R2;
						ProvisioningStyle = Automatic;
					};
				};
			};
			buildConfigurationList = 649934171F7A1A6700D22A02 /* Build configuration list for PBXProject "Twitter" */;
			compatibilityVersion = "Xcode 3.2";
			developmentRegion = English;
			hasScannedForEncodings = 0;
			knownRegions = (
				en,
				Base,
			);
			mainGroup = 649934131F7A1A6700D22A02;
			productRefGroup = 6499341D1F7A1A6700D22A02 /* Products */;
			projectDirPath = "";
			projectRoot = "";
			targets = (
				6499341B1F7A1A6700D22A02 /* Twitter */,
			);
		};
/* End PBXProject section */

/* Begin PBXResourcesBuildPhase section */
		6499341A1F7A1A6700D22A02 /* Resources */ = {
			isa = PBXResourcesBuildPhase;
			buildActionMask = 2147483647;
			files = (
				6499342A1F7A1A6700D22A02 /* LaunchScreen.storyboard in Resources */,
				649934271F7A1A6700D22A02 /* Assets.xcassets in Resources */,
				649934251F7A1A6700D22A02 /* Main.storyboard in Resources */,
				64B4D5741F8764BF005F84B8 /* TweetCell.xib in Resources */,
			);
			runOnlyForDeploymentPostprocessing = 0;
		};
/* End PBXResourcesBuildPhase section */

/* Begin PBXShellScriptBuildPhase section */
		82973D6C5055B95F130F5453 /* [CP] Copy Pods Resources */ = {
			isa = PBXShellScriptBuildPhase;
			buildActionMask = 2147483647;
			files = (
			);
			inputPaths = (
			);
			name = "[CP] Copy Pods Resources";
			outputPaths = (
			);
			runOnlyForDeploymentPostprocessing = 0;
			shellPath = /bin/sh;
			shellScript = "\"${SRCROOT}/Pods/Target Support Files/Pods-Twitter/Pods-Twitter-resources.sh\"\n";
			showEnvVarsInLog = 0;
		};
		AD1DE6B5F26B418D9970E991 /* [CP] Embed Pods Frameworks */ = {
			isa = PBXShellScriptBuildPhase;
			buildActionMask = 2147483647;
			files = (
			);
			inputPaths = (
				"${SRCROOT}/Pods/Target Support Files/Pods-Twitter/Pods-Twitter-frameworks.sh",
				"${BUILT_PRODUCTS_DIR}/AFNetworking/AFNetworking.framework",
				"${BUILT_PRODUCTS_DIR}/BDBOAuth1Manager/BDBOAuth1Manager.framework",
				"${BUILT_PRODUCTS_DIR}/NSDateMinimalTimeAgo/NSDateMinimalTimeAgo.framework",
			);
			name = "[CP] Embed Pods Frameworks";
			outputPaths = (
				"${TARGET_BUILD_DIR}/${FRAMEWORKS_FOLDER_PATH}/AFNetworking.framework",
				"${TARGET_BUILD_DIR}/${FRAMEWORKS_FOLDER_PATH}/BDBOAuth1Manager.framework",
				"${TARGET_BUILD_DIR}/${FRAMEWORKS_FOLDER_PATH}/NSDateMinimalTimeAgo.framework",
			);
			runOnlyForDeploymentPostprocessing = 0;
			shellPath = /bin/sh;
			shellScript = "\"${SRCROOT}/Pods/Target Support Files/Pods-Twitter/Pods-Twitter-frameworks.sh\"\n";
			showEnvVarsInLog = 0;
		};
		F18027492B3FAB367B1A9F92 /* [CP] Check Pods Manifest.lock */ = {
			isa = PBXShellScriptBuildPhase;
			buildActionMask = 2147483647;
			files = (
			);
			inputPaths = (
				"${PODS_PODFILE_DIR_PATH}/Podfile.lock",
				"${PODS_ROOT}/Manifest.lock",
			);
			name = "[CP] Check Pods Manifest.lock";
			outputPaths = (
				"$(DERIVED_FILE_DIR)/Pods-Twitter-checkManifestLockResult.txt",
			);
			runOnlyForDeploymentPostprocessing = 0;
			shellPath = /bin/sh;
			shellScript = "diff \"${PODS_PODFILE_DIR_PATH}/Podfile.lock\" \"${PODS_ROOT}/Manifest.lock\" > /dev/null\nif [ $? != 0 ] ; then\n    # print error to STDERR\n    echo \"error: The sandbox is not in sync with the Podfile.lock. Run 'pod install' or update your CocoaPods installation.\" >&2\n    exit 1\nfi\n# This output is used by Xcode 'outputs' to avoid re-running this script phase.\necho \"SUCCESS\" > \"${SCRIPT_OUTPUT_FILE_0}\"\n";
			showEnvVarsInLog = 0;
		};
/* End PBXShellScriptBuildPhase section */

/* Begin PBXSourcesBuildPhase section */
		649934181F7A1A6700D22A02 /* Sources */ = {
			isa = PBXSourcesBuildPhase;
			buildActionMask = 2147483647;
			files = (
				64EDF5FF1F7AD3A90085AFD0 /* User.swift in Sources */,
				64B4D56C1F86F983005F84B8 /* MentionsViewController.swift in Sources */,
				64B4D56E1F86F98C005F84B8 /* AccountsViewController.swift in Sources */,
				64B4D5641F86F68A005F84B8 /* MenuViewController.swift in Sources */,
				64C153BA1F805CF600E05CFA /* ReplyCell.swift in Sources */,
				64B4D5721F871A8C005F84B8 /* ProfileCell.swift in Sources */,
				64EDF6011F7AD3BE0085AFD0 /* Tweet.swift in Sources */,
				64B4D5781F88B65C005F84B8 /* Int.swift in Sources */,
				64C197621F7E2F7C0033A995 /* LoginViewController.swift in Sources */,
				64B4D5701F86FF96005F84B8 /* HamburgerViewController.swift in Sources */,
				648EC3C51F7B3F6600B59EF4 /* TweetsViewController.swift in Sources */,
				64B4D5681F86F965005F84B8 /* ProfileViewController.swift in Sources */,
				64540BA31F7F2121005984FF /* ComposeViewController.swift in Sources */,
				64BA5FBA1F7E448000C7C005 /* TweetDetailViewController.swift in Sources */,
				64D9A1B21F81DB0100F80874 /* InfiniteScrollActivityView.swift in Sources */,
				64B4D5761F8764C4005F84B8 /* TweetCell.swift in Sources */,
				648EC3C31F7B187A00B59EF4 /* TwitterService.swift in Sources */,
				64B4D57E1F89EE30005F84B8 /* AccountCell.swift in Sources */,
				64BA5FBF1F7F03B300C7C005 /* Date.swift in Sources */,
				649934201F7A1A6700D22A02 /* AppDelegate.swift in Sources */,
				64143B9C1F80B621003A1CCA /* DetailCell.swift in Sources */,
				64B4D5661F86F6C4005F84B8 /* MenuCell.swift in Sources */,
				64540BA51F7F7954005984FF /* ReplyViewController.swift in Sources */,
			);
			runOnlyForDeploymentPostprocessing = 0;
		};
/* End PBXSourcesBuildPhase section */

/* Begin PBXVariantGroup section */
		649934231F7A1A6700D22A02 /* Main.storyboard */ = {
			isa = PBXVariantGroup;
			children = (
				649934241F7A1A6700D22A02 /* Base */,
			);
			name = Main.storyboard;
			sourceTree = "<group>";
		};
		649934281F7A1A6700D22A02 /* LaunchScreen.storyboard */ = {
			isa = PBXVariantGroup;
			children = (
				649934291F7A1A6700D22A02 /* Base */,
			);
			name = LaunchScreen.storyboard;
			sourceTree = "<group>";
		};
/* End PBXVariantGroup section */

/* Begin XCBuildConfiguration section */
		6499342C1F7A1A6700D22A02 /* Debug */ = {
			isa = XCBuildConfiguration;
			buildSettings = {
				ALWAYS_SEARCH_USER_PATHS = NO;
				CLANG_ANALYZER_NONNULL = YES;
				CLANG_ANALYZER_NUMBER_OBJECT_CONVERSION = YES_AGGRESSIVE;
				CLANG_CXX_LANGUAGE_STANDARD = "gnu++0x";
				CLANG_CXX_LIBRARY = "libc++";
				CLANG_ENABLE_MODULES = YES;
				CLANG_ENABLE_OBJC_ARC = YES;
				CLANG_WARN_BOOL_CONVERSION = YES;
				CLANG_WARN_CONSTANT_CONVERSION = YES;
				CLANG_WARN_DIRECT_OBJC_ISA_USAGE = YES_ERROR;
				CLANG_WARN_DOCUMENTATION_COMMENTS = YES;
				CLANG_WARN_EMPTY_BODY = YES;
				CLANG_WARN_ENUM_CONVERSION = YES;
				CLANG_WARN_INFINITE_RECURSION = YES;
				CLANG_WARN_INT_CONVERSION = YES;
				CLANG_WARN_OBJC_ROOT_CLASS = YES_ERROR;
				CLANG_WARN_SUSPICIOUS_MOVE = YES;
				CLANG_WARN_UNREACHABLE_CODE = YES;
				CLANG_WARN__DUPLICATE_METHOD_MATCH = YES;
				"CODE_SIGN_IDENTITY[sdk=iphoneos*]" = "iPhone Developer";
				COPY_PHASE_STRIP = NO;
				DEBUG_INFORMATION_FORMAT = dwarf;
				ENABLE_STRICT_OBJC_MSGSEND = YES;
				ENABLE_TESTABILITY = YES;
				GCC_C_LANGUAGE_STANDARD = gnu99;
				GCC_DYNAMIC_NO_PIC = NO;
				GCC_NO_COMMON_BLOCKS = YES;
				GCC_OPTIMIZATION_LEVEL = 0;
				GCC_PREPROCESSOR_DEFINITIONS = (
					"DEBUG=1",
					"$(inherited)",
				);
				GCC_WARN_64_TO_32_BIT_CONVERSION = YES;
				GCC_WARN_ABOUT_RETURN_TYPE = YES_ERROR;
				GCC_WARN_UNDECLARED_SELECTOR = YES;
				GCC_WARN_UNINITIALIZED_AUTOS = YES_AGGRESSIVE;
				GCC_WARN_UNUSED_FUNCTION = YES;
				GCC_WARN_UNUSED_VARIABLE = YES;
				IPHONEOS_DEPLOYMENT_TARGET = 10.3;
				MTL_ENABLE_DEBUG_INFO = YES;
				ONLY_ACTIVE_ARCH = YES;
				SDKROOT = iphoneos;
				SWIFT_ACTIVE_COMPILATION_CONDITIONS = DEBUG;
				SWIFT_OPTIMIZATION_LEVEL = "-Onone";
				TARGETED_DEVICE_FAMILY = "1,2";
			};
			name = Debug;
		};
		6499342D1F7A1A6700D22A02 /* Release */ = {
			isa = XCBuildConfiguration;
			buildSettings = {
				ALWAYS_SEARCH_USER_PATHS = NO;
				CLANG_ANALYZER_NONNULL = YES;
				CLANG_ANALYZER_NUMBER_OBJECT_CONVERSION = YES_AGGRESSIVE;
				CLANG_CXX_LANGUAGE_STANDARD = "gnu++0x";
				CLANG_CXX_LIBRARY = "libc++";
				CLANG_ENABLE_MODULES = YES;
				CLANG_ENABLE_OBJC_ARC = YES;
				CLANG_WARN_BOOL_CONVERSION = YES;
				CLANG_WARN_CONSTANT_CONVERSION = YES;
				CLANG_WARN_DIRECT_OBJC_ISA_USAGE = YES_ERROR;
				CLANG_WARN_DOCUMENTATION_COMMENTS = YES;
				CLANG_WARN_EMPTY_BODY = YES;
				CLANG_WARN_ENUM_CONVERSION = YES;
				CLANG_WARN_INFINITE_RECURSION = YES;
				CLANG_WARN_INT_CONVERSION = YES;
				CLANG_WARN_OBJC_ROOT_CLASS = YES_ERROR;
				CLANG_WARN_SUSPICIOUS_MOVE = YES;
				CLANG_WARN_UNREACHABLE_CODE = YES;
				CLANG_WARN__DUPLICATE_METHOD_MATCH = YES;
				"CODE_SIGN_IDENTITY[sdk=iphoneos*]" = "iPhone Developer";
				COPY_PHASE_STRIP = NO;
				DEBUG_INFORMATION_FORMAT = "dwarf-with-dsym";
				ENABLE_NS_ASSERTIONS = NO;
				ENABLE_STRICT_OBJC_MSGSEND = YES;
				GCC_C_LANGUAGE_STANDARD = gnu99;
				GCC_NO_COMMON_BLOCKS = YES;
				GCC_WARN_64_TO_32_BIT_CONVERSION = YES;
				GCC_WARN_ABOUT_RETURN_TYPE = YES_ERROR;
				GCC_WARN_UNDECLARED_SELECTOR = YES;
				GCC_WARN_UNINITIALIZED_AUTOS = YES_AGGRESSIVE;
				GCC_WARN_UNUSED_FUNCTION = YES;
				GCC_WARN_UNUSED_VARIABLE = YES;
				IPHONEOS_DEPLOYMENT_TARGET = 10.3;
				MTL_ENABLE_DEBUG_INFO = NO;
				SDKROOT = iphoneos;
				SWIFT_OPTIMIZATION_LEVEL = "-Owholemodule";
				TARGETED_DEVICE_FAMILY = "1,2";
				VALIDATE_PRODUCT = YES;
			};
			name = Release;
		};
		6499342F1F7A1A6700D22A02 /* Debug */ = {
			isa = XCBuildConfiguration;
			baseConfigurationReference = 4704B2C7364CA6483BCE4155 /* Pods-Twitter.debug.xcconfig */;
			buildSettings = {
				ASSETCATALOG_COMPILER_APPICON_NAME = AppIcon;
				DEVELOPMENT_TEAM = ZBWHW3V2R2;
				INFOPLIST_FILE = Twitter/Info.plist;
				LD_RUNPATH_SEARCH_PATHS = "$(inherited) @executable_path/Frameworks";
				PRODUCT_BUNDLE_IDENTIFIER = com.naomi.Twitter;
				PRODUCT_NAME = "$(TARGET_NAME)";
				SWIFT_VERSION = 3.0;
			};
			name = Debug;
		};
		649934301F7A1A6700D22A02 /* Release */ = {
			isa = XCBuildConfiguration;
			baseConfigurationReference = 5DD3DE6A02B87CF2E1AD76E7 /* Pods-Twitter.release.xcconfig */;
			buildSettings = {
				ASSETCATALOG_COMPILER_APPICON_NAME = AppIcon;
				DEVELOPMENT_TEAM = ZBWHW3V2R2;
				INFOPLIST_FILE = Twitter/Info.plist;
				LD_RUNPATH_SEARCH_PATHS = "$(inherited) @executable_path/Frameworks";
				PRODUCT_BUNDLE_IDENTIFIER = com.naomi.Twitter;
				PRODUCT_NAME = "$(TARGET_NAME)";
				SWIFT_VERSION = 3.0;
			};
			name = Release;
		};
/* End XCBuildConfiguration section */

/* Begin XCConfigurationList section */
		649934171F7A1A6700D22A02 /* Build configuration list for PBXProject "Twitter" */ = {
			isa = XCConfigurationList;
			buildConfigurations = (
				6499342C1F7A1A6700D22A02 /* Debug */,
				6499342D1F7A1A6700D22A02 /* Release */,
			);
			defaultConfigurationIsVisible = 0;
			defaultConfigurationName = Release;
		};
		6499342E1F7A1A6700D22A02 /* Build configuration list for PBXNativeTarget "Twitter" */ = {
			isa = XCConfigurationList;
			buildConfigurations = (
				6499342F1F7A1A6700D22A02 /* Debug */,
				649934301F7A1A6700D22A02 /* Release */,
			);
			defaultConfigurationIsVisible = 0;
			defaultConfigurationName = Release;
		};
/* End XCConfigurationList section */
	};
	rootObject = 649934141F7A1A6700D22A02 /* Project object */;
}
